
Microsoft Visual Studio Solution File, Format Version 12.00
# Visual Studio 15
VisualStudioVersion = 15.0.28307.168
MinimumVisualStudioVersion = 10.0.40219.1
Project("{8BC9CEB8-8B4A-11D0-8D11-00A0C91BC942}") = "Memory", "Memory\Memory.vcxproj", "{59B69DFD-90EB-4D12-82DF-452047A65EC0}"
EndProject
Global
	GlobalSection(SolutionConfigurationPlatforms) = preSolution
		Debug|x64 = Debug|x64
		Debug|x86 = Debug|x86
		Release|x64 = Release|x64
		Release|x86 = Release|x86
	EndGlobalSection
	GlobalSection(ProjectConfigurationPlatforms) = postSolution
		{59B69DFD-90EB-4D12-82DF-452047A65EC0}.Debug|x64.ActiveCfg = Debug|x64
		{59B69DFD-90EB-4D12-82DF-452047A65EC0}.Debug|x64.Build.0 = Debug|x64
		{59B69DFD-90EB-4D12-82DF-452047A65EC0}.Debug|x86.ActiveCfg = Debug|Win32
		{59B69DFD-90EB-4D12-82DF-452047A65EC0}.Debug|x86.Build.0 = Debug|Win32
		{59B69DFD-90EB-4D12-82DF-452047A65EC0}.Release|x64.ActiveCfg = Release|x64
		{59B69DFD-90EB-4D12-82DF-452047A65EC0}.Release|x64.Build.0 = Release|x64
		{59B69DFD-90EB-4D12-82DF-452047A65EC0}.Release|x86.ActiveCfg = Release|Win32
		{59B69DFD-90EB-4D12-82DF-452047A65EC0}.Release|x86.Build.0 = Release|Win32
	EndGlobalSection
	GlobalSection(SolutionProperties) = preSolution
		HideSolutionNode = FALSE
	EndGlobalSection
	GlobalSection(ExtensibilityGlobals) = postSolution
		SolutionGuid = {9368C425-97D9-42AE-BA04-C27EDC75791F}
	EndGlobalSection
EndGlobal
